
Microsoft Visual Studio Solution File, Format Version 12.00
# Visual Studio Version 16
VisualStudioVersion = 16.0.28922.388
MinimumVisualStudioVersion = 10.0.40219.1
Project("{FAE04EC0-301F-11D3-BF4B-00C04F79EFBC}") = "RecipesWebApp", "RecipesWebApp\RecipesWebApp.csproj", "{31F9852D-F615-4E9A-9ADB-13F1E8B45B8E}"
EndProject
Global
	GlobalSection(SolutionConfigurationPlatforms) = preSolution
		Debug|Any CPU = Debug|Any CPU
		Release|Any CPU = Release|Any CPU
	EndGlobalSection
	GlobalSection(ProjectConfigurationPlatforms) = postSolution
		{31F9852D-F615-4E9A-9ADB-13F1E8B45B8E}.Debug|Any CPU.ActiveCfg = Debug|Any CPU
		{31F9852D-F615-4E9A-9ADB-13F1E8B45B8E}.Debug|Any CPU.Build.0 = Debug|Any CPU
		{31F9852D-F615-4E9A-9ADB-13F1E8B45B8E}.Release|Any CPU.ActiveCfg = Release|Any CPU
		{31F9852D-F615-4E9A-9ADB-13F1E8B45B8E}.Release|Any CPU.Build.0 = Release|Any CPU
	EndGlobalSection
	GlobalSection(SolutionProperties) = preSolution
		HideSolutionNode = FALSE
	EndGlobalSection
	GlobalSection(ExtensibilityGlobals) = postSolution
		SolutionGuid = {A5A8F018-4F7F-435F-BD01-2EEBD4DB2D1C}
	EndGlobalSection
EndGlobal
